
Microsoft Visual Studio Solution File, Format Version 12.00
# Visual Studio Version 17
VisualStudioVersion = 17.4.33122.133
MinimumVisualStudioVersion = 10.0.40219.1
Project("{FAE04EC0-301F-11D3-BF4B-00C04F79EFBC}") = "ClassLibrary1", "ClassLibrary1\ClassLibrary1.csproj", "{43A90CC6-2508-4F81-A0EF-98CDDCFB94F8}"
EndProject
Global
	GlobalSection(SolutionConfigurationPlatforms) = preSolution
		Debug|Any CPU = Debug|Any CPU
		Release|Any CPU = Release|Any CPU
	EndGlobalSection
	GlobalSection(ProjectConfigurationPlatforms) = postSolution
		{43A90CC6-2508-4F81-A0EF-98CDDCFB94F8}.Debug|Any CPU.ActiveCfg = Debug|Any CPU
		{43A90CC6-2508-4F81-A0EF-98CDDCFB94F8}.Debug|Any CPU.Build.0 = Debug|Any CPU
		{43A90CC6-2508-4F81-A0EF-98CDDCFB94F8}.Release|Any CPU.ActiveCfg = Release|Any CPU
		{43A90CC6-2508-4F81-A0EF-98CDDCFB94F8}.Release|Any CPU.Build.0 = Release|Any CPU
	EndGlobalSection
	GlobalSection(SolutionProperties) = preSolution
		HideSolutionNode = FALSE
	EndGlobalSection
	GlobalSection(ExtensibilityGlobals) = postSolution
		SolutionGuid = {2388BBF6-9C70-4B51-BCE7-D70E5EE93957}
	EndGlobalSection
EndGlobal
